// !$*UTF8*$!
{
	archiveVersion = 1;
	classes = {
	};
	objectVersion = 77;
	objects = {

/* Begin PBXBuildFile section */
		0B2CB7894C9F386932579037 /* Sparkle in Frameworks */ = {isa = PBXBuildFile; productRef = 7F05116FC31894D8B0891B6C /* Sparkle */; };
		0D85326A63FC9336E64F8D2C /* QSONormalizer.swift in Sources */ = {isa = PBXBuildFile; fileRef = B0DCFFBDCA2D2C35EE62B853 /* QSONormalizer.swift */; };
		0F303D4E70AE6008FA4D0FEA /* LaunchAtLoginService.swift in Sources */ = {isa = PBXBuildFile; fileRef = EA73E2A504675AC79D1CCDA4 /* LaunchAtLoginService.swift */; };
		1312A9E01F0A84B903B69833 /* WavelogConfigTests.swift in Sources */ = {isa = PBXBuildFile; fileRef = C3FA9998D10E79363449BC37 /* WavelogConfigTests.swift */; };
		2913F445B92DAB3B623F7DF7 /* AboutTab.swift in Sources */ = {isa = PBXBuildFile; fileRef = 59460C77F95F46A4F3417379 /* AboutTab.swift */; };
		2CE2DCA1F28846A14329E840 /* ADIFParserTests.swift in Sources */ = {isa = PBXBuildFile; fileRef = 73F53494E740E7F725933DCF /* ADIFParserTests.swift */; };
		32A9C02980660FAC3FADD221 /* QSO.swift in Sources */ = {isa = PBXBuildFile; fileRef = 0B512AF51BCF010991C1B0AE /* QSO.swift */; };
		43123BEA9C485498B6BA2DEF /* Logger.swift in Sources */ = {isa = PBXBuildFile; fileRef = 5CF887141B735451D1E8F283 /* Logger.swift */; };
		46E07B57ADF66FDED4ABAC02 /* BandMap.swift in Sources */ = {isa = PBXBuildFile; fileRef = 56C77B4AB5AE67DB031CC039 /* BandMap.swift */; };
		5265A0237A8961F4AA157041 /* WaveLogMateApp.swift in Sources */ = {isa = PBXBuildFile; fileRef = 6580E6FD32F7FD7AAD812865 /* WaveLogMateApp.swift */; };
		5C08700DF8E14D8F3B45EB07 /* ConnectionStatus.swift in Sources */ = {isa = PBXBuildFile; fileRef = ECEC662087E983EA64C1FC26 /* ConnectionStatus.swift */; };
		5D7AD82C3DFE093C1462CBCD /* XMLContactParser.swift in Sources */ = {isa = PBXBuildFile; fileRef = 4F8B3F977657116565F0E4AF /* XMLContactParser.swift */; };
		600E4082431C774991493847 /* WavelogAPIClientTests.swift in Sources */ = {isa = PBXBuildFile; fileRef = 30BE5977296998F0A027F75C /* WavelogAPIClientTests.swift */; };
		6183DC6C208F49FAA743ED5D /* TextUDPListener.swift in Sources */ = {isa = PBXBuildFile; fileRef = 29C2A3556FFF533FD7CBF68F /* TextUDPListener.swift */; };
		702A2CFE7AB1A42DF264A44D /* ADIFGeneratorTests.swift in Sources */ = {isa = PBXBuildFile; fileRef = B8FBB529BDA27481EE171E89 /* ADIFGeneratorTests.swift */; };
		73371BA8BCF0845070395BB6 /* MenuBarView.swift in Sources */ = {isa = PBXBuildFile; fileRef = 230CC3F163A4363DB7299ADB /* MenuBarView.swift */; };
		791E7B359778AD3A5BCF986A /* WavelogSettingsTab.swift in Sources */ = {isa = PBXBuildFile; fileRef = 16D8ECBE7949D7A55DBDEB58 /* WavelogSettingsTab.swift */; };
		7D9F9210D1706B5FFC5EC7AB /* ADIFGenerator.swift in Sources */ = {isa = PBXBuildFile; fileRef = 730616F1C3171617A140A359 /* ADIFGenerator.swift */; };
		7ED76DA47F4E39ED45D16D91 /* QSONormalizerTests.swift in Sources */ = {isa = PBXBuildFile; fileRef = 18C1EC67BAA6153A910D3E09 /* QSONormalizerTests.swift */; };
		81CE471B1D941C9990F19E5B /* AppState.swift in Sources */ = {isa = PBXBuildFile; fileRef = 8FCCFD4E7EE2639B1CD04D8F /* AppState.swift */; };
		85353B7266386E7AFFDF3348 /* KeychainHelper.swift in Sources */ = {isa = PBXBuildFile; fileRef = 1C59003E5D40501D94AEE740 /* KeychainHelper.swift */; };
		8D12033F6F0FB45F108436A2 /* QSOLogView.swift in Sources */ = {isa = PBXBuildFile; fileRef = F88384F82EF1A4B2F8CAC199 /* QSOLogView.swift */; };
		8E8F4C89A50A5A744385437B /* QDataStreamReaderTests.swift in Sources */ = {isa = PBXBuildFile; fileRef = EB1A930E57BCDDAA07CFCF34 /* QDataStreamReaderTests.swift */; };
		9244135EA45F16D3A46B52F5 /* StationProfile.swift in Sources */ = {isa = PBXBuildFile; fileRef = 876671DD90B6AC11FC5E2D58 /* StationProfile.swift */; };
		93D1001D63E094E37C3B6B84 /* UDPService.swift in Sources */ = {isa = PBXBuildFile; fileRef = 773D6624F9FF1B86FA5BCABA /* UDPService.swift */; };
		9C046AB2780C9EBD835A2015 /* SettingsView.swift in Sources */ = {isa = PBXBuildFile; fileRef = D717FAFB6F139CD448BAC1D8 /* SettingsView.swift */; };
		9CF900610E9F2CF795BD45C2 /* BinaryUDPListener.swift in Sources */ = {isa = PBXBuildFile; fileRef = 6AA1F52462032D2F1AAC62AE /* BinaryUDPListener.swift */; };
		A099CE17752D842A70BE1A4C /* QDataStreamReader.swift in Sources */ = {isa = PBXBuildFile; fileRef = FEB583C8AF58CCB9652CEE2B /* QDataStreamReader.swift */; };
		A16102BBCA8D9551C4B6E2E4 /* TextUDPListenerTests.swift in Sources */ = {isa = PBXBuildFile; fileRef = D1A3EB9E0D3C705DE445D8AB /* TextUDPListenerTests.swift */; };
		A179394BDAC3EEFE92BAAC31 /* WavelogConfig.swift in Sources */ = {isa = PBXBuildFile; fileRef = E3CFC93C436508E962F461E5 /* WavelogConfig.swift */; };
		A1B7FE7BECD6BB0A21B61620 /* ADIFParser.swift in Sources */ = {isa = PBXBuildFile; fileRef = 068BB3CC01AB35ED075320DA /* ADIFParser.swift */; };
		BBF120DA01FFF94874F4868B /* WSJTXStatus.swift in Sources */ = {isa = PBXBuildFile; fileRef = 8F4EA6D50EFFC59B0A8A91F5 /* WSJTXStatus.swift */; };
		BCB21A8C81ECDBF565A38078 /* ConnectionStatusView.swift in Sources */ = {isa = PBXBuildFile; fileRef = 03415E71D5D0FBDA5FD56A83 /* ConnectionStatusView.swift */; };
		C157D687C62ADE75EFE8BB56 /* GeneralSettingsTab.swift in Sources */ = {isa = PBXBuildFile; fileRef = 68F463BA8B260C52910FFA35 /* GeneralSettingsTab.swift */; };
		C513BD72FCDF74CD86565CC0 /* WavelogAPIClient.swift in Sources */ = {isa = PBXBuildFile; fileRef = F0F421C4480DF67D6747ADCC /* WavelogAPIClient.swift */; };
		D6F49030DBC924D1909E42A8 /* WSJTXMessage.swift in Sources */ = {isa = PBXBuildFile; fileRef = 35672A3F85B53740DC9F0398 /* WSJTXMessage.swift */; };
		DCA7B30D4CF00DCB7C198F0D /* NotificationService.swift in Sources */ = {isa = PBXBuildFile; fileRef = EC759D5D7F8B8C2FE23C4D26 /* NotificationService.swift */; };
		E0BC79734D6C7B4531948031 /* WSJTXSettingsTab.swift in Sources */ = {isa = PBXBuildFile; fileRef = 785A5CA3B4EE6FE9B9935E7D /* WSJTXSettingsTab.swift */; };
		E45FDF52314C40C0E6B9E1F1 /* UDPListenerFactory.swift in Sources */ = {isa = PBXBuildFile; fileRef = 93A4173E7439DD56B3E71EA6 /* UDPListenerFactory.swift */; };
		E91F083A7B9A4866F11B343C /* BandMapTests.swift in Sources */ = {isa = PBXBuildFile; fileRef = 75BFA6FC3BB56E91EF02858E /* BandMapTests.swift */; };
		ECD79D7A9D6472407D3BAEAB /* ADIFField.swift in Sources */ = {isa = PBXBuildFile; fileRef = D7C97A3BA4EC5996D263A1D9 /* ADIFField.swift */; };
		F512026F1021034FFB66F2A6 /* XMLContactParserTests.swift in Sources */ = {isa = PBXBuildFile; fileRef = 53681ED4578786DC03E64D3E /* XMLContactParserTests.swift */; };
		FADD424B5417FC7B4817F5AA /* Assets.xcassets in Resources */ = {isa = PBXBuildFile; fileRef = B3A0D26BCBC3AC6A1074D015 /* Assets.xcassets */; };
/* End PBXBuildFile section */

/* Begin PBXContainerItemProxy section */
		B9DB706484853D2EC6A7D0C3 /* PBXContainerItemProxy */ = {
			isa = PBXContainerItemProxy;
			containerPortal = 53E64125929F214460A74DBC /* Project object */;
			proxyType = 1;
			remoteGlobalIDString = 02F01CECDF9B23D29A6A6974;
			remoteInfo = WaveLogMate;
		};
/* End PBXContainerItemProxy section */

/* Begin PBXFileReference section */
		03415E71D5D0FBDA5FD56A83 /* ConnectionStatusView.swift */ = {isa = PBXFileReference; lastKnownFileType = sourcecode.swift; path = ConnectionStatusView.swift; sourceTree = "<group>"; };
		068BB3CC01AB35ED075320DA /* ADIFParser.swift */ = {isa = PBXFileReference; lastKnownFileType = sourcecode.swift; path = ADIFParser.swift; sourceTree = "<group>"; };
		0B512AF51BCF010991C1B0AE /* QSO.swift */ = {isa = PBXFileReference; lastKnownFileType = sourcecode.swift; path = QSO.swift; sourceTree = "<group>"; };
		16D8ECBE7949D7A55DBDEB58 /* WavelogSettingsTab.swift */ = {isa = PBXFileReference; lastKnownFileType = sourcecode.swift; path = WavelogSettingsTab.swift; sourceTree = "<group>"; };
		18C1EC67BAA6153A910D3E09 /* QSONormalizerTests.swift */ = {isa = PBXFileReference; lastKnownFileType = sourcecode.swift; path = QSONormalizerTests.swift; sourceTree = "<group>"; };
		1C59003E5D40501D94AEE740 /* KeychainHelper.swift */ = {isa = PBXFileReference; lastKnownFileType = sourcecode.swift; path = KeychainHelper.swift; sourceTree = "<group>"; };
		1EE2738EE97AA88780051A53 /* Info.plist */ = {isa = PBXFileReference; lastKnownFileType = text.plist; path = Info.plist; sourceTree = "<group>"; };
		230CC3F163A4363DB7299ADB /* MenuBarView.swift */ = {isa = PBXFileReference; lastKnownFileType = sourcecode.swift; path = MenuBarView.swift; sourceTree = "<group>"; };
		29C2A3556FFF533FD7CBF68F /* TextUDPListener.swift */ = {isa = PBXFileReference; lastKnownFileType = sourcecode.swift; path = TextUDPListener.swift; sourceTree = "<group>"; };
		30BE5977296998F0A027F75C /* WavelogAPIClientTests.swift */ = {isa = PBXFileReference; lastKnownFileType = sourcecode.swift; path = WavelogAPIClientTests.swift; sourceTree = "<group>"; };
		35672A3F85B53740DC9F0398 /* WSJTXMessage.swift */ = {isa = PBXFileReference; lastKnownFileType = sourcecode.swift; path = WSJTXMessage.swift; sourceTree = "<group>"; };
		4F8B3F977657116565F0E4AF /* XMLContactParser.swift */ = {isa = PBXFileReference; lastKnownFileType = sourcecode.swift; path = XMLContactParser.swift; sourceTree = "<group>"; };
		53681ED4578786DC03E64D3E /* XMLContactParserTests.swift */ = {isa = PBXFileReference; lastKnownFileType = sourcecode.swift; path = XMLContactParserTests.swift; sourceTree = "<group>"; };
		56C77B4AB5AE67DB031CC039 /* BandMap.swift */ = {isa = PBXFileReference; lastKnownFileType = sourcecode.swift; path = BandMap.swift; sourceTree = "<group>"; };
		59460C77F95F46A4F3417379 /* AboutTab.swift */ = {isa = PBXFileReference; lastKnownFileType = sourcecode.swift; path = AboutTab.swift; sourceTree = "<group>"; };
		5CF887141B735451D1E8F283 /* Logger.swift */ = {isa = PBXFileReference; lastKnownFileType = sourcecode.swift; path = Logger.swift; sourceTree = "<group>"; };
		6580E6FD32F7FD7AAD812865 /* WaveLogMateApp.swift */ = {isa = PBXFileReference; lastKnownFileType = sourcecode.swift; path = WaveLogMateApp.swift; sourceTree = "<group>"; };
		68F463BA8B260C52910FFA35 /* GeneralSettingsTab.swift */ = {isa = PBXFileReference; lastKnownFileType = sourcecode.swift; path = GeneralSettingsTab.swift; sourceTree = "<group>"; };
		6AA1F52462032D2F1AAC62AE /* BinaryUDPListener.swift */ = {isa = PBXFileReference; lastKnownFileType = sourcecode.swift; path = BinaryUDPListener.swift; sourceTree = "<group>"; };
		730616F1C3171617A140A359 /* ADIFGenerator.swift */ = {isa = PBXFileReference; lastKnownFileType = sourcecode.swift; path = ADIFGenerator.swift; sourceTree = "<group>"; };
		73F53494E740E7F725933DCF /* ADIFParserTests.swift */ = {isa = PBXFileReference; lastKnownFileType = sourcecode.swift; path = ADIFParserTests.swift; sourceTree = "<group>"; };
		75BFA6FC3BB56E91EF02858E /* BandMapTests.swift */ = {isa = PBXFileReference; lastKnownFileType = sourcecode.swift; path = BandMapTests.swift; sourceTree = "<group>"; };
		773D6624F9FF1B86FA5BCABA /* UDPService.swift */ = {isa = PBXFileReference; lastKnownFileType = sourcecode.swift; path = UDPService.swift; sourceTree = "<group>"; };
		785A5CA3B4EE6FE9B9935E7D /* WSJTXSettingsTab.swift */ = {isa = PBXFileReference; lastKnownFileType = sourcecode.swift; path = WSJTXSettingsTab.swift; sourceTree = "<group>"; };
		83D5930F3F9DC5BED3A2174F /* WaveLogMate.app */ = {isa = PBXFileReference; explicitFileType = wrapper.application; includeInIndex = 0; path = WaveLogMate.app; sourceTree = BUILT_PRODUCTS_DIR; };
		876671DD90B6AC11FC5E2D58 /* StationProfile.swift */ = {isa = PBXFileReference; lastKnownFileType = sourcecode.swift; path = StationProfile.swift; sourceTree = "<group>"; };
		8F4EA6D50EFFC59B0A8A91F5 /* WSJTXStatus.swift */ = {isa = PBXFileReference; lastKnownFileType = sourcecode.swift; path = WSJTXStatus.swift; sourceTree = "<group>"; };
		8FCCFD4E7EE2639B1CD04D8F /* AppState.swift */ = {isa = PBXFileReference; lastKnownFileType = sourcecode.swift; path = AppState.swift; sourceTree = "<group>"; };
		93A4173E7439DD56B3E71EA6 /* UDPListenerFactory.swift */ = {isa = PBXFileReference; lastKnownFileType = sourcecode.swift; path = UDPListenerFactory.swift; sourceTree = "<group>"; };
		ADEA8E3684FF2ECE219674C6 /* WaveLogMateTests.xctest */ = {isa = PBXFileReference; explicitFileType = wrapper.cfbundle; includeInIndex = 0; path = WaveLogMateTests.xctest; sourceTree = BUILT_PRODUCTS_DIR; };
		B0DCFFBDCA2D2C35EE62B853 /* QSONormalizer.swift */ = {isa = PBXFileReference; lastKnownFileType = sourcecode.swift; path = QSONormalizer.swift; sourceTree = "<group>"; };
		B3A0D26BCBC3AC6A1074D015 /* Assets.xcassets */ = {isa = PBXFileReference; lastKnownFileType = folder.assetcatalog; path = Assets.xcassets; sourceTree = "<group>"; };
		B8FBB529BDA27481EE171E89 /* ADIFGeneratorTests.swift */ = {isa = PBXFileReference; lastKnownFileType = sourcecode.swift; path = ADIFGeneratorTests.swift; sourceTree = "<group>"; };
		C3FA9998D10E79363449BC37 /* WavelogConfigTests.swift */ = {isa = PBXFileReference; lastKnownFileType = sourcecode.swift; path = WavelogConfigTests.swift; sourceTree = "<group>"; };
		D1A3EB9E0D3C705DE445D8AB /* TextUDPListenerTests.swift */ = {isa = PBXFileReference; lastKnownFileType = sourcecode.swift; path = TextUDPListenerTests.swift; sourceTree = "<group>"; };
		D717FAFB6F139CD448BAC1D8 /* SettingsView.swift */ = {isa = PBXFileReference; lastKnownFileType = sourcecode.swift; path = SettingsView.swift; sourceTree = "<group>"; };
		D7C97A3BA4EC5996D263A1D9 /* ADIFField.swift */ = {isa = PBXFileReference; lastKnownFileType = sourcecode.swift; path = ADIFField.swift; sourceTree = "<group>"; };
		E3CFC93C436508E962F461E5 /* WavelogConfig.swift */ = {isa = PBXFileReference; lastKnownFileType = sourcecode.swift; path = WavelogConfig.swift; sourceTree = "<group>"; };
		EA73E2A504675AC79D1CCDA4 /* LaunchAtLoginService.swift */ = {isa = PBXFileReference; lastKnownFileType = sourcecode.swift; path = LaunchAtLoginService.swift; sourceTree = "<group>"; };
		EB1A930E57BCDDAA07CFCF34 /* QDataStreamReaderTests.swift */ = {isa = PBXFileReference; lastKnownFileType = sourcecode.swift; path = QDataStreamReaderTests.swift; sourceTree = "<group>"; };
		EC759D5D7F8B8C2FE23C4D26 /* NotificationService.swift */ = {isa = PBXFileReference; lastKnownFileType = sourcecode.swift; path = NotificationService.swift; sourceTree = "<group>"; };
		ECEC662087E983EA64C1FC26 /* ConnectionStatus.swift */ = {isa = PBXFileReference; lastKnownFileType = sourcecode.swift; path = ConnectionStatus.swift; sourceTree = "<group>"; };
		F0F421C4480DF67D6747ADCC /* WavelogAPIClient.swift */ = {isa = PBXFileReference; lastKnownFileType = sourcecode.swift; path = WavelogAPIClient.swift; sourceTree = "<group>"; };
		F88384F82EF1A4B2F8CAC199 /* QSOLogView.swift */ = {isa = PBXFileReference; lastKnownFileType = sourcecode.swift; path = QSOLogView.swift; sourceTree = "<group>"; };
		FEB583C8AF58CCB9652CEE2B /* QDataStreamReader.swift */ = {isa = PBXFileReference; lastKnownFileType = sourcecode.swift; path = QDataStreamReader.swift; sourceTree = "<group>"; };
/* End PBXFileReference section */

/* Begin PBXFrameworksBuildPhase section */
		AE8D69BDD9B360D7C602F279 /* Frameworks */ = {
			isa = PBXFrameworksBuildPhase;
			buildActionMask = 2147483647;
			files = (
				0B2CB7894C9F386932579037 /* Sparkle in Frameworks */,
			);
			runOnlyForDeploymentPostprocessing = 0;
		};
/* End PBXFrameworksBuildPhase section */

/* Begin PBXGroup section */
		209063F93D5A5F36FA336790 /* Products */ = {
			isa = PBXGroup;
			children = (
				83D5930F3F9DC5BED3A2174F /* WaveLogMate.app */,
				ADEA8E3684FF2ECE219674C6 /* WaveLogMateTests.xctest */,
			);
			name = Products;
			sourceTree = "<group>";
		};
		2A2DBF45F370F2ED068DADB0 /* Services */ = {
			isa = PBXGroup;
			children = (
				730616F1C3171617A140A359 /* ADIFGenerator.swift */,
				068BB3CC01AB35ED075320DA /* ADIFParser.swift */,
				6AA1F52462032D2F1AAC62AE /* BinaryUDPListener.swift */,
				EA73E2A504675AC79D1CCDA4 /* LaunchAtLoginService.swift */,
				EC759D5D7F8B8C2FE23C4D26 /* NotificationService.swift */,
				FEB583C8AF58CCB9652CEE2B /* QDataStreamReader.swift */,
				B0DCFFBDCA2D2C35EE62B853 /* QSONormalizer.swift */,
				29C2A3556FFF533FD7CBF68F /* TextUDPListener.swift */,
				93A4173E7439DD56B3E71EA6 /* UDPListenerFactory.swift */,
				773D6624F9FF1B86FA5BCABA /* UDPService.swift */,
				F0F421C4480DF67D6747ADCC /* WavelogAPIClient.swift */,
				4F8B3F977657116565F0E4AF /* XMLContactParser.swift */,
			);
			path = Services;
			sourceTree = "<group>";
		};
		36AE42C7B541A42BF60DC50E /* Models */ = {
			isa = PBXGroup;
			children = (
				D7C97A3BA4EC5996D263A1D9 /* ADIFField.swift */,
				ECEC662087E983EA64C1FC26 /* ConnectionStatus.swift */,
				0B512AF51BCF010991C1B0AE /* QSO.swift */,
				876671DD90B6AC11FC5E2D58 /* StationProfile.swift */,
				E3CFC93C436508E962F461E5 /* WavelogConfig.swift */,
				35672A3F85B53740DC9F0398 /* WSJTXMessage.swift */,
				8F4EA6D50EFFC59B0A8A91F5 /* WSJTXStatus.swift */,
			);
			path = Models;
			sourceTree = "<group>";
		};
		84A47AE8F4EB46FA03793160 = {
			isa = PBXGroup;
			children = (
				FF2ACCD0821E04B46EA7EFFC /* WaveLogMate */,
				E9D04D9A1C06C77A77D0431A /* WaveLogMateTests */,
				209063F93D5A5F36FA336790 /* Products */,
			);
			sourceTree = "<group>";
		};
		917B5F358206A29529229436 /* App */ = {
			isa = PBXGroup;
			children = (
				8FCCFD4E7EE2639B1CD04D8F /* AppState.swift */,
				6580E6FD32F7FD7AAD812865 /* WaveLogMateApp.swift */,
			);
			path = App;
			sourceTree = "<group>";
		};
		E2A594A30E400EB2AAD0F25F /* Views */ = {
			isa = PBXGroup;
			children = (
				59460C77F95F46A4F3417379 /* AboutTab.swift */,
				03415E71D5D0FBDA5FD56A83 /* ConnectionStatusView.swift */,
				68F463BA8B260C52910FFA35 /* GeneralSettingsTab.swift */,
				230CC3F163A4363DB7299ADB /* MenuBarView.swift */,
				F88384F82EF1A4B2F8CAC199 /* QSOLogView.swift */,
				D717FAFB6F139CD448BAC1D8 /* SettingsView.swift */,
				16D8ECBE7949D7A55DBDEB58 /* WavelogSettingsTab.swift */,
				785A5CA3B4EE6FE9B9935E7D /* WSJTXSettingsTab.swift */,
			);
			path = Views;
			sourceTree = "<group>";
		};
		E9D04D9A1C06C77A77D0431A /* WaveLogMateTests */ = {
			isa = PBXGroup;
			children = (
				B8FBB529BDA27481EE171E89 /* ADIFGeneratorTests.swift */,
				73F53494E740E7F725933DCF /* ADIFParserTests.swift */,
				75BFA6FC3BB56E91EF02858E /* BandMapTests.swift */,
				EB1A930E57BCDDAA07CFCF34 /* QDataStreamReaderTests.swift */,
				18C1EC67BAA6153A910D3E09 /* QSONormalizerTests.swift */,
				D1A3EB9E0D3C705DE445D8AB /* TextUDPListenerTests.swift */,
				30BE5977296998F0A027F75C /* WavelogAPIClientTests.swift */,
				C3FA9998D10E79363449BC37 /* WavelogConfigTests.swift */,
				53681ED4578786DC03E64D3E /* XMLContactParserTests.swift */,
			);
			name = WaveLogMateTests;
			path = Tests/WaveLogMateTests;
			sourceTree = "<group>";
		};
		FA39237E8878DF99DF8B0199 /* Utilities */ = {
			isa = PBXGroup;
			children = (
				56C77B4AB5AE67DB031CC039 /* BandMap.swift */,
				1C59003E5D40501D94AEE740 /* KeychainHelper.swift */,
				5CF887141B735451D1E8F283 /* Logger.swift */,
			);
			path = Utilities;
			sourceTree = "<group>";
		};
		FF2ACCD0821E04B46EA7EFFC /* WaveLogMate */ = {
			isa = PBXGroup;
			children = (
				B3A0D26BCBC3AC6A1074D015 /* Assets.xcassets */,
				1EE2738EE97AA88780051A53 /* Info.plist */,
				917B5F358206A29529229436 /* App */,
				36AE42C7B541A42BF60DC50E /* Models */,
				2A2DBF45F370F2ED068DADB0 /* Services */,
				FA39237E8878DF99DF8B0199 /* Utilities */,
				E2A594A30E400EB2AAD0F25F /* Views */,
			);
			name = WaveLogMate;
			path = Sources/WaveLogMate;
			sourceTree = "<group>";
		};
/* End PBXGroup section */

/* Begin PBXNativeTarget section */
		02F01CECDF9B23D29A6A6974 /* WaveLogMate */ = {
			isa = PBXNativeTarget;
			buildConfigurationList = A1DF2FF5AC6A4E65C9DFFE1C /* Build configuration list for PBXNativeTarget "WaveLogMate" */;
			buildPhases = (
				D05F0B060E40DBCCF899E424 /* Sources */,
				5FC79E1B4027B4AA109BB138 /* Resources */,
				AE8D69BDD9B360D7C602F279 /* Frameworks */,
			);
			buildRules = (
			);
			dependencies = (
			);
			name = WaveLogMate;
			packageProductDependencies = (
				7F05116FC31894D8B0891B6C /* Sparkle */,
			);
			productName = WaveLogMate;
			productReference = 83D5930F3F9DC5BED3A2174F /* WaveLogMate.app */;
			productType = "com.apple.product-type.application";
		};
		EDFFBA6A4DF27775FA668931 /* WaveLogMateTests */ = {
			isa = PBXNativeTarget;
			buildConfigurationList = E7D205CE02CDB41AD843E0C9 /* Build configuration list for PBXNativeTarget "WaveLogMateTests" */;
			buildPhases = (
				AD89BEE0333D8E89CBC82A2B /* Sources */,
			);
			buildRules = (
			);
			dependencies = (
				500180F703588868AD81F184 /* PBXTargetDependency */,
			);
			name = WaveLogMateTests;
			packageProductDependencies = (
			);
			productName = WaveLogMateTests;
			productReference = ADEA8E3684FF2ECE219674C6 /* WaveLogMateTests.xctest */;
			productType = "com.apple.product-type.bundle.unit-test";
		};
/* End PBXNativeTarget section */

/* Begin PBXProject section */
		53E64125929F214460A74DBC /* Project object */ = {
			isa = PBXProject;
			attributes = {
				BuildIndependentTargetsInParallel = YES;
				LastUpgradeCheck = 1430;
				TargetAttributes = {
				};
			};
			buildConfigurationList = 255152B37BAB6A25143F19E3 /* Build configuration list for PBXProject "WaveLogMate" */;
			developmentRegion = en;
			hasScannedForEncodings = 0;
			knownRegions = (
				Base,
				en,
			);
			mainGroup = 84A47AE8F4EB46FA03793160;
			minimizedProjectReferenceProxies = 1;
			packageReferences = (
				6908D46A5ED780565572AA7D /* XCRemoteSwiftPackageReference "Sparkle" */,
			);
			preferredProjectObjectVersion = 77;
			productRefGroup = 209063F93D5A5F36FA336790 /* Products */;
			projectDirPath = "";
			projectRoot = "";
			targets = (
				02F01CECDF9B23D29A6A6974 /* WaveLogMate */,
				EDFFBA6A4DF27775FA668931 /* WaveLogMateTests */,
			);
		};
/* End PBXProject section */

/* Begin PBXResourcesBuildPhase section */
		5FC79E1B4027B4AA109BB138 /* Resources */ = {
			isa = PBXResourcesBuildPhase;
			buildActionMask = 2147483647;
			files = (
				FADD424B5417FC7B4817F5AA /* Assets.xcassets in Resources */,
			);
			runOnlyForDeploymentPostprocessing = 0;
		};
/* End PBXResourcesBuildPhase section */

/* Begin PBXSourcesBuildPhase section */
		AD89BEE0333D8E89CBC82A2B /* Sources */ = {
			isa = PBXSourcesBuildPhase;
			buildActionMask = 2147483647;
			files = (
				702A2CFE7AB1A42DF264A44D /* ADIFGeneratorTests.swift in Sources */,
				2CE2DCA1F28846A14329E840 /* ADIFParserTests.swift in Sources */,
				E91F083A7B9A4866F11B343C /* BandMapTests.swift in Sources */,
				8E8F4C89A50A5A744385437B /* QDataStreamReaderTests.swift in Sources */,
				7ED76DA47F4E39ED45D16D91 /* QSONormalizerTests.swift in Sources */,
				A16102BBCA8D9551C4B6E2E4 /* TextUDPListenerTests.swift in Sources */,
				600E4082431C774991493847 /* WavelogAPIClientTests.swift in Sources */,
				1312A9E01F0A84B903B69833 /* WavelogConfigTests.swift in Sources */,
				F512026F1021034FFB66F2A6 /* XMLContactParserTests.swift in Sources */,
			);
			runOnlyForDeploymentPostprocessing = 0;
		};
		D05F0B060E40DBCCF899E424 /* Sources */ = {
			isa = PBXSourcesBuildPhase;
			buildActionMask = 2147483647;
			files = (
				ECD79D7A9D6472407D3BAEAB /* ADIFField.swift in Sources */,
				7D9F9210D1706B5FFC5EC7AB /* ADIFGenerator.swift in Sources */,
				A1B7FE7BECD6BB0A21B61620 /* ADIFParser.swift in Sources */,
				2913F445B92DAB3B623F7DF7 /* AboutTab.swift in Sources */,
				81CE471B1D941C9990F19E5B /* AppState.swift in Sources */,
				46E07B57ADF66FDED4ABAC02 /* BandMap.swift in Sources */,
				9CF900610E9F2CF795BD45C2 /* BinaryUDPListener.swift in Sources */,
				5C08700DF8E14D8F3B45EB07 /* ConnectionStatus.swift in Sources */,
				BCB21A8C81ECDBF565A38078 /* ConnectionStatusView.swift in Sources */,
				C157D687C62ADE75EFE8BB56 /* GeneralSettingsTab.swift in Sources */,
				85353B7266386E7AFFDF3348 /* KeychainHelper.swift in Sources */,
				0F303D4E70AE6008FA4D0FEA /* LaunchAtLoginService.swift in Sources */,
				43123BEA9C485498B6BA2DEF /* Logger.swift in Sources */,
				73371BA8BCF0845070395BB6 /* MenuBarView.swift in Sources */,
				DCA7B30D4CF00DCB7C198F0D /* NotificationService.swift in Sources */,
				A099CE17752D842A70BE1A4C /* QDataStreamReader.swift in Sources */,
				32A9C02980660FAC3FADD221 /* QSO.swift in Sources */,
				8D12033F6F0FB45F108436A2 /* QSOLogView.swift in Sources */,
				0D85326A63FC9336E64F8D2C /* QSONormalizer.swift in Sources */,
				9C046AB2780C9EBD835A2015 /* SettingsView.swift in Sources */,
				9244135EA45F16D3A46B52F5 /* StationProfile.swift in Sources */,
				6183DC6C208F49FAA743ED5D /* TextUDPListener.swift in Sources */,
				E45FDF52314C40C0E6B9E1F1 /* UDPListenerFactory.swift in Sources */,
				93D1001D63E094E37C3B6B84 /* UDPService.swift in Sources */,
				D6F49030DBC924D1909E42A8 /* WSJTXMessage.swift in Sources */,
				E0BC79734D6C7B4531948031 /* WSJTXSettingsTab.swift in Sources */,
				BBF120DA01FFF94874F4868B /* WSJTXStatus.swift in Sources */,
				5265A0237A8961F4AA157041 /* WaveLogMateApp.swift in Sources */,
				C513BD72FCDF74CD86565CC0 /* WavelogAPIClient.swift in Sources */,
				A179394BDAC3EEFE92BAAC31 /* WavelogConfig.swift in Sources */,
				791E7B359778AD3A5BCF986A /* WavelogSettingsTab.swift in Sources */,
				5D7AD82C3DFE093C1462CBCD /* XMLContactParser.swift in Sources */,
			);
			runOnlyForDeploymentPostprocessing = 0;
		};
/* End PBXSourcesBuildPhase section */

/* Begin PBXTargetDependency section */
		500180F703588868AD81F184 /* PBXTargetDependency */ = {
			isa = PBXTargetDependency;
			target = 02F01CECDF9B23D29A6A6974 /* WaveLogMate */;
			targetProxy = B9DB706484853D2EC6A7D0C3 /* PBXContainerItemProxy */;
		};
/* End PBXTargetDependency section */

/* Begin XCBuildConfiguration section */
		1819A1AF48BA16427DB61DE0 /* Debug */ = {
			isa = XCBuildConfiguration;
			buildSettings = {
				ASSETCATALOG_COMPILER_APPICON_NAME = AppIcon;
				CODE_SIGN_ENTITLEMENTS = WaveLogMate.entitlements;
				COMBINE_HIDPI_IMAGES = YES;
				INFOPLIST_FILE = Sources/WaveLogMate/Info.plist;
				LD_RUNPATH_SEARCH_PATHS = (
					"$(inherited)",
					"@executable_path/../Frameworks",
				);
				MACOSX_DEPLOYMENT_TARGET = 14.0;
				PRODUCT_BUNDLE_IDENTIFIER = de.dl5mn.WaveLogMate;
				PRODUCT_NAME = WaveLogMate;
				SDKROOT = macosx;
				SUPPORTS_MACCATALYST = NO;
				SUPPORTS_MAC_DESIGNED_FOR_IPHONE_IPAD = NO;
				SWIFT_VERSION = 6.2;
			};
			name = Debug;
		};
		43E844B0D589603DD1365D4D /* Debug */ = {
			isa = XCBuildConfiguration;
			buildSettings = {
				ALWAYS_SEARCH_USER_PATHS = NO;
				CLANG_ANALYZER_NONNULL = YES;
				CLANG_ANALYZER_NUMBER_OBJECT_CONVERSION = YES_AGGRESSIVE;
				CLANG_CXX_LANGUAGE_STANDARD = "gnu++14";
				CLANG_CXX_LIBRARY = "libc++";
				CLANG_ENABLE_MODULES = YES;
				CLANG_ENABLE_OBJC_ARC = YES;
				CLANG_ENABLE_OBJC_WEAK = YES;
				CLANG_WARN_BLOCK_CAPTURE_AUTORELEASING = YES;
				CLANG_WARN_BOOL_CONVERSION = YES;
				CLANG_WARN_COMMA = YES;
				CLANG_WARN_CONSTANT_CONVERSION = YES;
				CLANG_WARN_DEPRECATED_OBJC_IMPLEMENTATIONS = YES;
				CLANG_WARN_DIRECT_OBJC_ISA_USAGE = YES_ERROR;
				CLANG_WARN_DOCUMENTATION_COMMENTS = YES;
				CLANG_WARN_EMPTY_BODY = YES;
				CLANG_WARN_ENUM_CONVERSION = YES;
				CLANG_WARN_INFINITE_RECURSION = YES;
				CLANG_WARN_INT_CONVERSION = YES;
				CLANG_WARN_NON_LITERAL_NULL_CONVERSION = YES;
				CLANG_WARN_OBJC_IMPLICIT_RETAIN_SELF = YES;
				CLANG_WARN_OBJC_LITERAL_CONVERSION = YES;
				CLANG_WARN_OBJC_ROOT_CLASS = YES_ERROR;
				CLANG_WARN_QUOTED_INCLUDE_IN_FRAMEWORK_HEADER = YES;
				CLANG_WARN_RANGE_LOOP_ANALYSIS = YES;
				CLANG_WARN_STRICT_PROTOTYPES = YES;
				CLANG_WARN_SUSPICIOUS_MOVE = YES;
				CLANG_WARN_UNGUARDED_AVAILABILITY = YES_AGGRESSIVE;
				CLANG_WARN_UNREACHABLE_CODE = YES;
				CLANG_WARN__DUPLICATE_METHOD_MATCH = YES;
				COPY_PHASE_STRIP = NO;
				DEBUG_INFORMATION_FORMAT = dwarf;
				ENABLE_STRICT_OBJC_MSGSEND = YES;
				ENABLE_TESTABILITY = YES;
				GCC_C_LANGUAGE_STANDARD = gnu11;
				GCC_DYNAMIC_NO_PIC = NO;
				GCC_NO_COMMON_BLOCKS = YES;
				GCC_OPTIMIZATION_LEVEL = 0;
				GCC_PREPROCESSOR_DEFINITIONS = (
					"$(inherited)",
					"DEBUG=1",
				);
				GCC_WARN_64_TO_32_BIT_CONVERSION = YES;
				GCC_WARN_ABOUT_RETURN_TYPE = YES_ERROR;
				GCC_WARN_UNDECLARED_SELECTOR = YES;
				GCC_WARN_UNINITIALIZED_AUTOS = YES_AGGRESSIVE;
				GCC_WARN_UNUSED_FUNCTION = YES;
				GCC_WARN_UNUSED_VARIABLE = YES;
				MACOSX_DEPLOYMENT_TARGET = 14.0;
				MTL_ENABLE_DEBUG_INFO = INCLUDE_SOURCE;
				MTL_FAST_MATH = YES;
				ONLY_ACTIVE_ARCH = YES;
				PRODUCT_NAME = "$(TARGET_NAME)";
				SDKROOT = macosx;
				SWIFT_ACTIVE_COMPILATION_CONDITIONS = DEBUG;
				SWIFT_OPTIMIZATION_LEVEL = "-Onone";
				SWIFT_VERSION = 5.0;
			};
			name = Debug;
		};
		5D8307142A58A099B7D6187A /* Release */ = {
			isa = XCBuildConfiguration;
			buildSettings = {
				ALWAYS_SEARCH_USER_PATHS = NO;
				CLANG_ANALYZER_NONNULL = YES;
				CLANG_ANALYZER_NUMBER_OBJECT_CONVERSION = YES_AGGRESSIVE;
				CLANG_CXX_LANGUAGE_STANDARD = "gnu++14";
				CLANG_CXX_LIBRARY = "libc++";
				CLANG_ENABLE_MODULES = YES;
				CLANG_ENABLE_OBJC_ARC = YES;
				CLANG_ENABLE_OBJC_WEAK = YES;
				CLANG_WARN_BLOCK_CAPTURE_AUTORELEASING = YES;
				CLANG_WARN_BOOL_CONVERSION = YES;
				CLANG_WARN_COMMA = YES;
				CLANG_WARN_CONSTANT_CONVERSION = YES;
				CLANG_WARN_DEPRECATED_OBJC_IMPLEMENTATIONS = YES;
				CLANG_WARN_DIRECT_OBJC_ISA_USAGE = YES_ERROR;
				CLANG_WARN_DOCUMENTATION_COMMENTS = YES;
				CLANG_WARN_EMPTY_BODY = YES;
				CLANG_WARN_ENUM_CONVERSION = YES;
				CLANG_WARN_INFINITE_RECURSION = YES;
				CLANG_WARN_INT_CONVERSION = YES;
				CLANG_WARN_NON_LITERAL_NULL_CONVERSION = YES;
				CLANG_WARN_OBJC_IMPLICIT_RETAIN_SELF = YES;
				CLANG_WARN_OBJC_LITERAL_CONVERSION = YES;
				CLANG_WARN_OBJC_ROOT_CLASS = YES_ERROR;
				CLANG_WARN_QUOTED_INCLUDE_IN_FRAMEWORK_HEADER = YES;
				CLANG_WARN_RANGE_LOOP_ANALYSIS = YES;
				CLANG_WARN_STRICT_PROTOTYPES = YES;
				CLANG_WARN_SUSPICIOUS_MOVE = YES;
				CLANG_WARN_UNGUARDED_AVAILABILITY = YES_AGGRESSIVE;
				CLANG_WARN_UNREACHABLE_CODE = YES;
				CLANG_WARN__DUPLICATE_METHOD_MATCH = YES;
				COPY_PHASE_STRIP = NO;
				DEBUG_INFORMATION_FORMAT = "dwarf-with-dsym";
				ENABLE_NS_ASSERTIONS = NO;
				ENABLE_STRICT_OBJC_MSGSEND = YES;
				GCC_C_LANGUAGE_STANDARD = gnu11;
				GCC_NO_COMMON_BLOCKS = YES;
				GCC_WARN_64_TO_32_BIT_CONVERSION = YES;
				GCC_WARN_ABOUT_RETURN_TYPE = YES_ERROR;
				GCC_WARN_UNDECLARED_SELECTOR = YES;
				GCC_WARN_UNINITIALIZED_AUTOS = YES_AGGRESSIVE;
				GCC_WARN_UNUSED_FUNCTION = YES;
				GCC_WARN_UNUSED_VARIABLE = YES;
				MACOSX_DEPLOYMENT_TARGET = 14.0;
				MTL_ENABLE_DEBUG_INFO = NO;
				MTL_FAST_MATH = YES;
				PRODUCT_NAME = "$(TARGET_NAME)";
				SDKROOT = macosx;
				SWIFT_COMPILATION_MODE = wholemodule;
				SWIFT_OPTIMIZATION_LEVEL = "-O";
				SWIFT_VERSION = 5.0;
			};
			name = Release;
		};
		6B501440B54A3853E44A7E0C /* Release */ = {
			isa = XCBuildConfiguration;
			buildSettings = {
				BUNDLE_LOADER = "$(TEST_HOST)";
				COMBINE_HIDPI_IMAGES = YES;
				LD_RUNPATH_SEARCH_PATHS = (
					"$(inherited)",
					"@executable_path/../Frameworks",
					"@loader_path/../Frameworks",
				);
				MACOSX_DEPLOYMENT_TARGET = 14.0;
				SDKROOT = macosx;
				SWIFT_VERSION = 6.2;
				TEST_HOST = "$(BUILT_PRODUCTS_DIR)/WaveLogMate.app/Contents/MacOS/WaveLogMate";
			};
			name = Release;
		};
		CD36F395F776631FF5D52836 /* Debug */ = {
			isa = XCBuildConfiguration;
			buildSettings = {
				BUNDLE_LOADER = "$(TEST_HOST)";
				COMBINE_HIDPI_IMAGES = YES;
				LD_RUNPATH_SEARCH_PATHS = (
					"$(inherited)",
					"@executable_path/../Frameworks",
					"@loader_path/../Frameworks",
				);
				MACOSX_DEPLOYMENT_TARGET = 14.0;
				SDKROOT = macosx;
				SWIFT_VERSION = 6.2;
				TEST_HOST = "$(BUILT_PRODUCTS_DIR)/WaveLogMate.app/Contents/MacOS/WaveLogMate";
			};
			name = Debug;
		};
		F5D75DFB8880FCAF1A698293 /* Release */ = {
			isa = XCBuildConfiguration;
			buildSettings = {
				ASSETCATALOG_COMPILER_APPICON_NAME = AppIcon;
				CODE_SIGN_ENTITLEMENTS = WaveLogMate.entitlements;
				COMBINE_HIDPI_IMAGES = YES;
				INFOPLIST_FILE = Sources/WaveLogMate/Info.plist;
				LD_RUNPATH_SEARCH_PATHS = (
					"$(inherited)",
					"@executable_path/../Frameworks",
				);
				MACOSX_DEPLOYMENT_TARGET = 14.0;
				PRODUCT_BUNDLE_IDENTIFIER = de.dl5mn.WaveLogMate;
				PRODUCT_NAME = WaveLogMate;
				SDKROOT = macosx;
				SUPPORTS_MACCATALYST = NO;
				SUPPORTS_MAC_DESIGNED_FOR_IPHONE_IPAD = NO;
				SWIFT_VERSION = 6.2;
			};
			name = Release;
		};
/* End XCBuildConfiguration section */

/* Begin XCConfigurationList section */
		255152B37BAB6A25143F19E3 /* Build configuration list for PBXProject "WaveLogMate" */ = {
			isa = XCConfigurationList;
			buildConfigurations = (
				43E844B0D589603DD1365D4D /* Debug */,
				5D8307142A58A099B7D6187A /* Release */,
			);
			defaultConfigurationIsVisible = 0;
			defaultConfigurationName = Debug;
		};
		A1DF2FF5AC6A4E65C9DFFE1C /* Build configuration list for PBXNativeTarget "WaveLogMate" */ = {
			isa = XCConfigurationList;
			buildConfigurations = (
				1819A1AF48BA16427DB61DE0 /* Debug */,
				F5D75DFB8880FCAF1A698293 /* Release */,
			);
			defaultConfigurationIsVisible = 0;
			defaultConfigurationName = Debug;
		};
		E7D205CE02CDB41AD843E0C9 /* Build configuration list for PBXNativeTarget "WaveLogMateTests" */ = {
			isa = XCConfigurationList;
			buildConfigurations = (
				CD36F395F776631FF5D52836 /* Debug */,
				6B501440B54A3853E44A7E0C /* Release */,
			);
			defaultConfigurationIsVisible = 0;
			defaultConfigurationName = Debug;
		};
/* End XCConfigurationList section */

/* Begin XCRemoteSwiftPackageReference section */
		6908D46A5ED780565572AA7D /* XCRemoteSwiftPackageReference "Sparkle" */ = {
			isa = XCRemoteSwiftPackageReference;
			repositoryURL = "https://github.com/sparkle-project/Sparkle";
			requirement = {
				kind = upToNextMajorVersion;
				minimumVersion = 2.5.0;
			};
		};
/* End XCRemoteSwiftPackageReference section */

/* Begin XCSwiftPackageProductDependency section */
		7F05116FC31894D8B0891B6C /* Sparkle */ = {
			isa = XCSwiftPackageProductDependency;
			package = 6908D46A5ED780565572AA7D /* XCRemoteSwiftPackageReference "Sparkle" */;
			productName = Sparkle;
		};
/* End XCSwiftPackageProductDependency section */
	};
	rootObject = 53E64125929F214460A74DBC /* Project object */;
}
